
Microsoft Visual Studio Solution File, Format Version 12.00
# Visual Studio Version 16
VisualStudioVersion = 16.0.29509.3
MinimumVisualStudioVersion = 10.0.40219.1
Project("{FAE04EC0-301F-11D3-BF4B-00C04F79EFBC}") = "WPF-HW5", "WPF-HW5\WPF-HW5.csproj", "{2CF1A219-B671-46D9-8201-282EC2E0DA1A}"
EndProject
Global
	GlobalSection(SolutionConfigurationPlatforms) = preSolution
		Debug|Any CPU = Debug|Any CPU
		Release|Any CPU = Release|Any CPU
	EndGlobalSection
	GlobalSection(ProjectConfigurationPlatforms) = postSolution
		{2CF1A219-B671-46D9-8201-282EC2E0DA1A}.Debug|Any CPU.ActiveCfg = Debug|Any CPU
		{2CF1A219-B671-46D9-8201-282EC2E0DA1A}.Debug|Any CPU.Build.0 = Debug|Any CPU
		{2CF1A219-B671-46D9-8201-282EC2E0DA1A}.Release|Any CPU.ActiveCfg = Release|Any CPU
		{2CF1A219-B671-46D9-8201-282EC2E0DA1A}.Release|Any CPU.Build.0 = Release|Any CPU
	EndGlobalSection
	GlobalSection(SolutionProperties) = preSolution
		HideSolutionNode = FALSE
	EndGlobalSection
	GlobalSection(ExtensibilityGlobals) = postSolution
		SolutionGuid = {334CB8C8-5712-4134-8963-7073DC258971}
	EndGlobalSection
EndGlobal
